{
  "version": 4,
  "terraform_version": "1.5.6",
  "serial": 12,
  "lineage": "2eaeb9a7-ce2b-9e75-834b-04d3e7377d38",
  "outputs": {
    "external_ip_address_vm_1": {
      "value": "158.160.57.60",
      "type": "string"
    },
    "internal_ip_address_vm_1": {
      "value": "192.168.10.18",
      "type": "string"
    }
  },
  "resources": [
    {
      "mode": "managed",
      "type": "yandex_compute_instance",
      "name": "vm-1",
      "provider": "provider[\"registry.terraform.io/yandex-cloud/yandex\"]",
      "instances": [
        {
          "schema_version": 1,
          "attributes": {
            "allow_stopping_for_update": null,
            "boot_disk": [
              {
                "auto_delete": true,
                "device_name": "fhm6tjh87d5ecl6t3d39",
                "disk_id": "fhm6tjh87d5ecl6t3d39",
                "initialize_params": [
                  {
                    "description": "",
                    "image_id": "fd879gb88170to70d38a",
                    "name": "",
                    "size": 5,
                    "snapshot_id": "",
                    "type": "network-hdd"
                  }
                ],
                "mode": "READ_WRITE"
              }
            ],
            "created_at": "2023-09-03T04:32:38Z",
            "description": "",
            "folder_id": "b1gbso9k07p4sob6ogrd",
            "fqdn": "fhm2cilq9agletv9hg3h.auto.internal",
            "hostname": "fhm2cilq9agletv9hg3h",
            "id": "fhm2cilq9agletv9hg3h",
            "labels": null,
            "metadata": {
              "ssh-keys": "ubuntu:ssh-rsa AAAAB3NzaC1yc2EAAAADAQABAAABgQC8awBec4DmOV3IgMHih+M6oxf76cGvxaD/Zu+q+jwSG8Md3scW6JcTf87vQfNPFgyEr/ovB1+2i/PSwUTRbh9FLp4SJdOOhVZfN2pYoEqPt87h22PReyv277hCPhb4lllg09aX8Rl5jMqtXkTDvKdSq+Ddpc5UQ9hAZf46xzYpp2r6rhnS4dEczsbG3oev+s1qBHrrgANuregi7T477s8Q2EQcBxZpnoGRklJGcn2Qkprph03fFgVsicNZpCNXQlJ+ZWJ5aZJrcDh0f5kZZQOMerbnNzpp0/h2r56q+XsUlJSRxLEZmHmCS6c8oyuvWE6xHBq0waz/HBL/S0Ud+oZ/+nxEAOwkp5J+DUNFQmZSb0ghTpOR8/V5ZrjNiDXKI26Vp8o53WNwcUxt/T4wLDDi90ljoOrSWEBFLb/anCI93HEVCiCF548NJiiicmrk/ORm15PMfrX60W/Xd0d+BRQE8op+VqHqFlA5i83j55cnBDVJgIWV1CiA95fjSGK6SBc= root@shlx-laptop\n"
            },
            "name": "terraform1",
            "network_acceleration_type": "standard",
            "network_interface": [
              {
                "index": 0,
                "ip_address": "192.168.10.18",
                "ipv4": true,
                "ipv6": false,
                "ipv6_address": "",
                "mac_address": "d0:0d:26:4a:ba:4a",
                "nat": true,
                "nat_ip_address": "158.160.57.60",
                "nat_ip_version": "IPV4",
                "security_group_ids": [],
                "subnet_id": "e9buca2bfod5mt0de33b"
              }
            ],
            "platform_id": "standard-v1",
            "resources": [
              {
                "core_fraction": 100,
                "cores": 2,
                "gpus": 0,
                "memory": 2
              }
            ],
            "scheduling_policy": [
              {
                "preemptible": false
              }
            ],
            "secondary_disk": [],
            "service_account_id": "",
            "status": "running",
            "timeouts": null,
            "zone": "ru-central1-a"
          },
          "sensitive_attributes": [],
          "private": "eyJlMmJmYjczMC1lY2FhLTExZTYtOGY4OC0zNDM2M2JjN2M0YzAiOnsiY3JlYXRlIjozMDAwMDAwMDAwMDAsImRlbGV0ZSI6MzAwMDAwMDAwMDAwLCJ1cGRhdGUiOjMwMDAwMDAwMDAwMH0sInNjaGVtYV92ZXJzaW9uIjoiMSJ9",
          "dependencies": [
            "yandex_vpc_network.network-1",
            "yandex_vpc_subnet.subnet-1"
          ]
        }
      ]
    },
    {
      "mode": "managed",
      "type": "yandex_vpc_network",
      "name": "network-1",
      "provider": "provider[\"registry.terraform.io/yandex-cloud/yandex\"]",
      "instances": [
        {
          "schema_version": 0,
          "attributes": {
            "created_at": "2023-09-03T04:32:34Z",
            "default_security_group_id": "",
            "description": "",
            "folder_id": "b1gbso9k07p4sob6ogrd",
            "id": "enp8kcf122h6l6pqce3h",
            "labels": null,
            "name": "network1",
            "subnet_ids": [],
            "timeouts": null
          },
          "sensitive_attributes": [],
          "private": "eyJlMmJmYjczMC1lY2FhLTExZTYtOGY4OC0zNDM2M2JjN2M0YzAiOnsiY3JlYXRlIjo2MDAwMDAwMDAwMCwiZGVsZXRlIjo2MDAwMDAwMDAwMCwidXBkYXRlIjo2MDAwMDAwMDAwMH19"
        }
      ]
    },
    {
      "mode": "managed",
      "type": "yandex_vpc_subnet",
      "name": "subnet-1",
      "provider": "provider[\"registry.terraform.io/yandex-cloud/yandex\"]",
      "instances": [
        {
          "schema_version": 0,
          "attributes": {
            "created_at": "2023-09-03T04:32:35Z",
            "description": "",
            "dhcp_options": [],
            "folder_id": "b1gbso9k07p4sob6ogrd",
            "id": "e9buca2bfod5mt0de33b",
            "labels": null,
            "name": "subnet1",
            "network_id": "enp8kcf122h6l6pqce3h",
            "route_table_id": "",
            "timeouts": null,
            "v4_cidr_blocks": [
              "192.168.10.0/24"
            ],
            "v6_cidr_blocks": [],
            "zone": "ru-central1-a"
          },
          "sensitive_attributes": [],
          "private": "eyJlMmJmYjczMC1lY2FhLTExZTYtOGY4OC0zNDM2M2JjN2M0YzAiOnsiY3JlYXRlIjoxODAwMDAwMDAwMDAsImRlbGV0ZSI6MTgwMDAwMDAwMDAwLCJ1cGRhdGUiOjE4MDAwMDAwMDAwMH19",
          "dependencies": [
            "yandex_vpc_network.network-1"
          ]
        }
      ]
    }
  ],
  "check_results": null
}
